
Microsoft Visual Studio Solution File, Format Version 12.00
# Visual Studio 15
VisualStudioVersion = 15.0.27428.2037
MinimumVisualStudioVersion = 10.0.40219.1
Project("{FAE04EC0-301F-11D3-BF4B-00C04F79EFBC}") = "Mooda.Android", "Mooda\Mooda.Android\Mooda.Android.csproj", "{1759BDFB-E756-44A5-A37F-576AD04033AD}"
EndProject
Project("{FAE04EC0-301F-11D3-BF4B-00C04F79EFBC}") = "Mooda.iOS", "Mooda\Mooda.iOS\Mooda.iOS.csproj", "{CE4E649D-44D7-4C33-B440-A63E10E67239}"
EndProject
Project("{FAE04EC0-301F-11D3-BF4B-00C04F79EFBC}") = "Mooda.UWP", "Mooda\Mooda.UWP\Mooda.UWP.csproj", "{769F4449-FD37-4FA5-A796-855506002C95}"
EndProject
Project("{FAE04EC0-301F-11D3-BF4B-00C04F79EFBC}") = "Mooda", "Mooda\Mooda\Mooda.csproj", "{60F5374B-1C17-4B26-8083-F6089D2BCE70}"
EndProject
Global
	GlobalSection(SolutionConfigurationPlatforms) = preSolution
		Ad-Hoc|Any CPU = Ad-Hoc|Any CPU
		Ad-Hoc|ARM = Ad-Hoc|ARM
		Ad-Hoc|iPhone = Ad-Hoc|iPhone
		Ad-Hoc|iPhoneSimulator = Ad-Hoc|iPhoneSimulator
		Ad-Hoc|x64 = Ad-Hoc|x64
		Ad-Hoc|x86 = Ad-Hoc|x86
		AppStore|Any CPU = AppStore|Any CPU
		AppStore|ARM = AppStore|ARM
		AppStore|iPhone = AppStore|iPhone
		AppStore|iPhoneSimulator = AppStore|iPhoneSimulator
		AppStore|x64 = AppStore|x64
		AppStore|x86 = AppStore|x86
		Debug|Any CPU = Debug|Any CPU
		Debug|ARM = Debug|ARM
		Debug|iPhone = Debug|iPhone
		Debug|iPhoneSimulator = Debug|iPhoneSimulator
		Debug|x64 = Debug|x64
		Debug|x86 = Debug|x86
		Release|Any CPU = Release|Any CPU
		Release|ARM = Release|ARM
		Release|iPhone = Release|iPhone
		Release|iPhoneSimulator = Release|iPhoneSimulator
		Release|x64 = Release|x64
		Release|x86 = Release|x86
	EndGlobalSection
	GlobalSection(ProjectConfigurationPlatforms) = postSolution
		{1759BDFB-E756-44A5-A37F-576AD04033AD}.Ad-Hoc|Any CPU.ActiveCfg = Release|Any CPU
		{1759BDFB-E756-44A5-A37F-576AD04033AD}.Ad-Hoc|Any CPU.Build.0 = Release|Any CPU
		{1759BDFB-E756-44A5-A37F-576AD04033AD}.Ad-Hoc|Any CPU.Deploy.0 = Release|Any CPU
		{1759BDFB-E756-44A5-A37F-576AD04033AD}.Ad-Hoc|ARM.ActiveCfg = Release|Any CPU
		{1759BDFB-E756-44A5-A37F-576AD04033AD}.Ad-Hoc|ARM.Build.0 = Release|Any CPU
		{1759BDFB-E756-44A5-A37F-576AD04033AD}.Ad-Hoc|ARM.Deploy.0 = Release|Any CPU
		{1759BDFB-E756-44A5-A37F-576AD04033AD}.Ad-Hoc|iPhone.ActiveCfg = Release|Any CPU
		{1759BDFB-E756-44A5-A37F-576AD04033AD}.Ad-Hoc|iPhone.Build.0 = Release|Any CPU
		{1759BDFB-E756-44A5-A37F-576AD04033AD}.Ad-Hoc|iPhone.Deploy.0 = Release|Any CPU
		{1759BDFB-E756-44A5-A37F-576AD04033AD}.Ad-Hoc|iPhoneSimulator.ActiveCfg = Release|Any CPU
		{1759BDFB-E756-44A5-A37F-576AD04033AD}.Ad-Hoc|iPhoneSimulator.Build.0 = Release|Any CPU
		{1759BDFB-E756-44A5-A37F-576AD04033AD}.Ad-Hoc|iPhoneSimulator.Deploy.0 = Release|Any CPU
		{1759BDFB-E756-44A5-A37F-576AD04033AD}.Ad-Hoc|x64.ActiveCfg = Release|Any CPU
		{1759BDFB-E756-44A5-A37F-576AD04033AD}.Ad-Hoc|x64.Build.0 = Release|Any CPU
		{1759BDFB-E756-44A5-A37F-576AD04033AD}.Ad-Hoc|x64.Deploy.0 = Release|Any CPU
		{1759BDFB-E756-44A5-A37F-576AD04033AD}.Ad-Hoc|x86.ActiveCfg = Release|Any CPU
		{1759BDFB-E756-44A5-A37F-576AD04033AD}.Ad-Hoc|x86.Build.0 = Release|Any CPU
		{1759BDFB-E756-44A5-A37F-576AD04033AD}.Ad-Hoc|x86.Deploy.0 = Release|Any CPU
		{1759BDFB-E756-44A5-A37F-576AD04033AD}.AppStore|Any CPU.ActiveCfg = Release|Any CPU
		{1759BDFB-E756-44A5-A37F-576AD04033AD}.AppStore|Any CPU.Build.0 = Release|Any CPU
		{1759BDFB-E756-44A5-A37F-576AD04033AD}.AppStore|Any CPU.Deploy.0 = Release|Any CPU
		{1759BDFB-E756-44A5-A37F-576AD04033AD}.AppStore|ARM.ActiveCfg = Release|Any CPU
		{1759BDFB-E756-44A5-A37F-576AD04033AD}.AppStore|ARM.Build.0 = Release|Any CPU
		{1759BDFB-E756-44A5-A37F-576AD04033AD}.AppStore|ARM.Deploy.0 = Release|Any CPU
		{1759BDFB-E756-44A5-A37F-576AD04033AD}.AppStore|iPhone.ActiveCfg = Release|Any CPU
		{1759BDFB-E756-44A5-A37F-576AD04033AD}.AppStore|iPhone.Build.0 = Release|Any CPU
		{1759BDFB-E756-44A5-A37F-576AD04033AD}.AppStore|iPhone.Deploy.0 = Release|Any CPU
		{1759BDFB-E756-44A5-A37F-576AD04033AD}.AppStore|iPhoneSimulator.ActiveCfg = Release|Any CPU
		{1759BDFB-E756-44A5-A37F-576AD04033AD}.AppStore|iPhoneSimulator.Build.0 = Release|Any CPU
		{1759BDFB-E756-44A5-A37F-576AD04033AD}.AppStore|iPhoneSimulator.Deploy.0 = Release|Any CPU
		{1759BDFB-E756-44A5-A37F-576AD04033AD}.AppStore|x64.ActiveCfg = Release|Any CPU
		{1759BDFB-E756-44A5-A37F-576AD04033AD}.AppStore|x64.Build.0 = Release|Any CPU
		{1759BDFB-E756-44A5-A37F-576AD04033AD}.AppStore|x64.Deploy.0 = Release|Any CPU
		{1759BDFB-E756-44A5-A37F-576AD04033AD}.AppStore|x86.ActiveCfg = Release|Any CPU
		{1759BDFB-E756-44A5-A37F-576AD04033AD}.AppStore|x86.Build.0 = Release|Any CPU
		{1759BDFB-E756-44A5-A37F-576AD04033AD}.AppStore|x86.Deploy.0 = Release|Any CPU
		{1759BDFB-E756-44A5-A37F-576AD04033AD}.Debug|Any CPU.ActiveCfg = Debug|Any CPU
		{1759BDFB-E756-44A5-A37F-576AD04033AD}.Debug|Any CPU.Build.0 = Debug|Any CPU
		{1759BDFB-E756-44A5-A37F-576AD04033AD}.Debug|Any CPU.Deploy.0 = Debug|Any CPU
		{1759BDFB-E756-44A5-A37F-576AD04033AD}.Debug|ARM.ActiveCfg = Debug|Any CPU
		{1759BDFB-E756-44A5-A37F-576AD04033AD}.Debug|ARM.Build.0 = Debug|Any CPU
		{1759BDFB-E756-44A5-A37F-576AD04033AD}.Debug|ARM.Deploy.0 = Debug|Any CPU
		{1759BDFB-E756-44A5-A37F-576AD04033AD}.Debug|iPhone.ActiveCfg = Debug|Any CPU
		{1759BDFB-E756-44A5-A37F-576AD04033AD}.Debug|iPhone.Build.0 = Debug|Any CPU
		{1759BDFB-E756-44A5-A37F-576AD04033AD}.Debug|iPhone.Deploy.0 = Debug|Any CPU
		{1759BDFB-E756-44A5-A37F-576AD04033AD}.Debug|iPhoneSimulator.ActiveCfg = Debug|Any CPU
		{1759BDFB-E756-44A5-A37F-576AD04033AD}.Debug|iPhoneSimulator.Build.0 = Debug|Any CPU
		{1759BDFB-E756-44A5-A37F-576AD04033AD}.Debug|iPhoneSimulator.Deploy.0 = Debug|Any CPU
		{1759BDFB-E756-44A5-A37F-576AD04033AD}.Debug|x64.ActiveCfg = Debug|Any CPU
		{1759BDFB-E756-44A5-A37F-576AD04033AD}.Debug|x64.Build.0 = Debug|Any CPU
		{1759BDFB-E756-44A5-A37F-576AD04033AD}.Debug|x64.Deploy.0 = Debug|Any CPU
		{1759BDFB-E756-44A5-A37F-576AD04033AD}.Debug|x86.ActiveCfg = Debug|Any CPU
		{1759BDFB-E756-44A5-A37F-576AD04033AD}.Debug|x86.Build.0 = Debug|Any CPU
		{1759BDFB-E756-44A5-A37F-576AD04033AD}.Debug|x86.Deploy.0 = Debug|Any CPU
		{1759BDFB-E756-44A5-A37F-576AD04033AD}.Release|Any CPU.ActiveCfg = Release|Any CPU
		{1759BDFB-E756-44A5-A37F-576AD04033AD}.Release|Any CPU.Build.0 = Release|Any CPU
		{1759BDFB-E756-44A5-A37F-576AD04033AD}.Release|Any CPU.Deploy.0 = Release|Any CPU
		{1759BDFB-E756-44A5-A37F-576AD04033AD}.Release|ARM.ActiveCfg = Release|Any CPU
		{1759BDFB-E756-44A5-A37F-576AD04033AD}.Release|ARM.Build.0 = Release|Any CPU
		{1759BDFB-E756-44A5-A37F-576AD04033AD}.Release|ARM.Deploy.0 = Release|Any CPU
		{1759BDFB-E756-44A5-A37F-576AD04033AD}.Release|iPhone.ActiveCfg = Release|Any CPU
		{1759BDFB-E756-44A5-A37F-576AD04033AD}.Release|iPhone.Build.0 = Release|Any CPU
		{1759BDFB-E756-44A5-A37F-576AD04033AD}.Release|iPhone.Deploy.0 = Release|Any CPU
		{1759BDFB-E756-44A5-A37F-576AD04033AD}.Release|iPhoneSimulator.ActiveCfg = Release|Any CPU
		{1759BDFB-E756-44A5-A37F-576AD04033AD}.Release|iPhoneSimulator.Build.0 = Release|Any CPU
		{1759BDFB-E756-44A5-A37F-576AD04033AD}.Release|iPhoneSimulator.Deploy.0 = Release|Any CPU
		{1759BDFB-E756-44A5-A37F-576AD04033AD}.Release|x64.ActiveCfg = Release|Any CPU
		{1759BDFB-E756-44A5-A37F-576AD04033AD}.Release|x64.Build.0 = Release|Any CPU
		{1759BDFB-E756-44A5-A37F-576AD04033AD}.Release|x64.Deploy.0 = Release|Any CPU
		{1759BDFB-E756-44A5-A37F-576AD04033AD}.Release|x86.ActiveCfg = Release|Any CPU
		{1759BDFB-E756-44A5-A37F-576AD04033AD}.Release|x86.Build.0 = Release|Any CPU
		{1759BDFB-E756-44A5-A37F-576AD04033AD}.Release|x86.Deploy.0 = Release|Any CPU
		{CE4E649D-44D7-4C33-B440-A63E10E67239}.Ad-Hoc|Any CPU.ActiveCfg = Ad-Hoc|iPhone
		{CE4E649D-44D7-4C33-B440-A63E10E67239}.Ad-Hoc|ARM.ActiveCfg = Ad-Hoc|iPhone
		{CE4E649D-44D7-4C33-B440-A63E10E67239}.Ad-Hoc|iPhone.ActiveCfg = Ad-Hoc|iPhone
		{CE4E649D-44D7-4C33-B440-A63E10E67239}.Ad-Hoc|iPhone.Build.0 = Ad-Hoc|iPhone
		{CE4E649D-44D7-4C33-B440-A63E10E67239}.Ad-Hoc|iPhoneSimulator.ActiveCfg = Ad-Hoc|iPhoneSimulator
		{CE4E649D-44D7-4C33-B440-A63E10E67239}.Ad-Hoc|iPhoneSimulator.Build.0 = Ad-Hoc|iPhoneSimulator
		{CE4E649D-44D7-4C33-B440-A63E10E67239}.Ad-Hoc|x64.ActiveCfg = Ad-Hoc|iPhone
		{CE4E649D-44D7-4C33-B440-A63E10E67239}.Ad-Hoc|x86.ActiveCfg = Ad-Hoc|iPhone
		{CE4E649D-44D7-4C33-B440-A63E10E67239}.AppStore|Any CPU.ActiveCfg = AppStore|iPhone
		{CE4E649D-44D7-4C33-B440-A63E10E67239}.AppStore|ARM.ActiveCfg = AppStore|iPhone
		{CE4E649D-44D7-4C33-B440-A63E10E67239}.AppStore|iPhone.ActiveCfg = AppStore|iPhone
		{CE4E649D-44D7-4C33-B440-A63E10E67239}.AppStore|iPhone.Build.0 = AppStore|iPhone
		{CE4E649D-44D7-4C33-B440-A63E10E67239}.AppStore|iPhoneSimulator.ActiveCfg = AppStore|iPhoneSimulator
		{CE4E649D-44D7-4C33-B440-A63E10E67239}.AppStore|iPhoneSimulator.Build.0 = AppStore|iPhoneSimulator
		{CE4E649D-44D7-4C33-B440-A63E10E67239}.AppStore|x64.ActiveCfg = AppStore|iPhone
		{CE4E649D-44D7-4C33-B440-A63E10E67239}.AppStore|x86.ActiveCfg = AppStore|iPhone
		{CE4E649D-44D7-4C33-B440-A63E10E67239}.Debug|Any CPU.ActiveCfg = Debug|iPhone
		{CE4E649D-44D7-4C33-B440-A63E10E67239}.Debug|ARM.ActiveCfg = Debug|iPhone
		{CE4E649D-44D7-4C33-B440-A63E10E67239}.Debug|iPhone.ActiveCfg = Debug|iPhone
		{CE4E649D-44D7-4C33-B440-A63E10E67239}.Debug|iPhone.Build.0 = Debug|iPhone
		{CE4E649D-44D7-4C33-B440-A63E10E67239}.Debug|iPhoneSimulator.ActiveCfg = Debug|iPhoneSimulator
		{CE4E649D-44D7-4C33-B440-A63E10E67239}.Debug|iPhoneSimulator.Build.0 = Debug|iPhoneSimulator
		{CE4E649D-44D7-4C33-B440-A63E10E67239}.Debug|x64.ActiveCfg = Debug|iPhone
		{CE4E649D-44D7-4C33-B440-A63E10E67239}.Debug|x86.ActiveCfg = Debug|iPhone
		{CE4E649D-44D7-4C33-B440-A63E10E67239}.Release|Any CPU.ActiveCfg = Release|iPhone
		{CE4E649D-44D7-4C33-B440-A63E10E67239}.Release|ARM.ActiveCfg = Release|iPhone
		{CE4E649D-44D7-4C33-B440-A63E10E67239}.Release|iPhone.ActiveCfg = Release|iPhone
		{CE4E649D-44D7-4C33-B440-A63E10E67239}.Release|iPhone.Build.0 = Release|iPhone
		{CE4E649D-44D7-4C33-B440-A63E10E67239}.Release|iPhoneSimulator.ActiveCfg = Release|iPhoneSimulator
		{CE4E649D-44D7-4C33-B440-A63E10E67239}.Release|iPhoneSimulator.Build.0 = Release|iPhoneSimulator
		{CE4E649D-44D7-4C33-B440-A63E10E67239}.Release|x64.ActiveCfg = Release|iPhone
		{CE4E649D-44D7-4C33-B440-A63E10E67239}.Release|x86.ActiveCfg = Release|iPhone
		{769F4449-FD37-4FA5-A796-855506002C95}.Ad-Hoc|Any CPU.ActiveCfg = Release|x86
		{769F4449-FD37-4FA5-A796-855506002C95}.Ad-Hoc|Any CPU.Build.0 = Release|x86
		{769F4449-FD37-4FA5-A796-855506002C95}.Ad-Hoc|Any CPU.Deploy.0 = Release|x86
		{769F4449-FD37-4FA5-A796-855506002C95}.Ad-Hoc|ARM.ActiveCfg = Release|ARM
		{769F4449-FD37-4FA5-A796-855506002C95}.Ad-Hoc|ARM.Build.0 = Release|ARM
		{769F4449-FD37-4FA5-A796-855506002C95}.Ad-Hoc|ARM.Deploy.0 = Release|ARM
		{769F4449-FD37-4FA5-A796-855506002C95}.Ad-Hoc|iPhone.ActiveCfg = Release|x86
		{769F4449-FD37-4FA5-A796-855506002C95}.Ad-Hoc|iPhone.Build.0 = Release|x86
		{769F4449-FD37-4FA5-A796-855506002C95}.Ad-Hoc|iPhone.Deploy.0 = Release|x86
		{769F4449-FD37-4FA5-A796-855506002C95}.Ad-Hoc|iPhoneSimulator.ActiveCfg = Release|x86
		{769F4449-FD37-4FA5-A796-855506002C95}.Ad-Hoc|iPhoneSimulator.Build.0 = Release|x86
		{769F4449-FD37-4FA5-A796-855506002C95}.Ad-Hoc|iPhoneSimulator.Deploy.0 = Release|x86
		{769F4449-FD37-4FA5-A796-855506002C95}.Ad-Hoc|x64.ActiveCfg = Release|x64
		{769F4449-FD37-4FA5-A796-855506002C95}.Ad-Hoc|x64.Build.0 = Release|x64
		{769F4449-FD37-4FA5-A796-855506002C95}.Ad-Hoc|x64.Deploy.0 = Release|x64
		{769F4449-FD37-4FA5-A796-855506002C95}.Ad-Hoc|x86.ActiveCfg = Release|x86
		{769F4449-FD37-4FA5-A796-855506002C95}.Ad-Hoc|x86.Build.0 = Release|x86
		{769F4449-FD37-4FA5-A796-855506002C95}.Ad-Hoc|x86.Deploy.0 = Release|x86
		{769F4449-FD37-4FA5-A796-855506002C95}.AppStore|Any CPU.ActiveCfg = Release|x86
		{769F4449-FD37-4FA5-A796-855506002C95}.AppStore|Any CPU.Build.0 = Release|x86
		{769F4449-FD37-4FA5-A796-855506002C95}.AppStore|Any CPU.Deploy.0 = Release|x86
		{769F4449-FD37-4FA5-A796-855506002C95}.AppStore|ARM.ActiveCfg = Release|ARM
		{769F4449-FD37-4FA5-A796-855506002C95}.AppStore|ARM.Build.0 = Release|ARM
		{769F4449-FD37-4FA5-A796-855506002C95}.AppStore|ARM.Deploy.0 = Release|ARM
		{769F4449-FD37-4FA5-A796-855506002C95}.AppStore|iPhone.ActiveCfg = Release|x86
		{769F4449-FD37-4FA5-A796-855506002C95}.AppStore|iPhone.Build.0 = Release|x86
		{769F4449-FD37-4FA5-A796-855506002C95}.AppStore|iPhone.Deploy.0 = Release|x86
		{769F4449-FD37-4FA5-A796-855506002C95}.AppStore|iPhoneSimulator.ActiveCfg = Release|x86
		{769F4449-FD37-4FA5-A796-855506002C95}.AppStore|iPhoneSimulator.Build.0 = Release|x86
		{769F4449-FD37-4FA5-A796-855506002C95}.AppStore|iPhoneSimulator.Deploy.0 = Release|x86
		{769F4449-FD37-4FA5-A796-855506002C95}.AppStore|x64.ActiveCfg = Release|x64
		{769F4449-FD37-4FA5-A796-855506002C95}.AppStore|x64.Build.0 = Release|x64
		{769F4449-FD37-4FA5-A796-855506002C95}.AppStore|x64.Deploy.0 = Release|x64
		{769F4449-FD37-4FA5-A796-855506002C95}.AppStore|x86.ActiveCfg = Release|x86
		{769F4449-FD37-4FA5-A796-855506002C95}.AppStore|x86.Build.0 = Release|x86
		{769F4449-FD37-4FA5-A796-855506002C95}.AppStore|x86.Deploy.0 = Release|x86
		{769F4449-FD37-4FA5-A796-855506002C95}.Debug|Any CPU.ActiveCfg = Debug|x86
		{769F4449-FD37-4FA5-A796-855506002C95}.Debug|ARM.ActiveCfg = Debug|ARM
		{769F4449-FD37-4FA5-A796-855506002C95}.Debug|ARM.Build.0 = Debug|ARM
		{769F4449-FD37-4FA5-A796-855506002C95}.Debug|ARM.Deploy.0 = Debug|ARM
		{769F4449-FD37-4FA5-A796-855506002C95}.Debug|iPhone.ActiveCfg = Debug|x86
		{769F4449-FD37-4FA5-A796-855506002C95}.Debug|iPhoneSimulator.ActiveCfg = Debug|x86
		{769F4449-FD37-4FA5-A796-855506002C95}.Debug|x64.ActiveCfg = Debug|x64
		{769F4449-FD37-4FA5-A796-855506002C95}.Debug|x64.Build.0 = Debug|x64
		{769F4449-FD37-4FA5-A796-855506002C95}.Debug|x64.Deploy.0 = Debug|x64
		{769F4449-FD37-4FA5-A796-855506002C95}.Debug|x86.ActiveCfg = Debug|x86
		{769F4449-FD37-4FA5-A796-855506002C95}.Debug|x86.Build.0 = Debug|x86
		{769F4449-FD37-4FA5-A796-855506002C95}.Debug|x86.Deploy.0 = Debug|x86
		{769F4449-FD37-4FA5-A796-855506002C95}.Release|Any CPU.ActiveCfg = Release|x86
		{769F4449-FD37-4FA5-A796-855506002C95}.Release|ARM.ActiveCfg = Release|ARM
		{769F4449-FD37-4FA5-A796-855506002C95}.Release|ARM.Build.0 = Release|ARM
		{769F4449-FD37-4FA5-A796-855506002C95}.Release|ARM.Deploy.0 = Release|ARM
		{769F4449-FD37-4FA5-A796-855506002C95}.Release|iPhone.ActiveCfg = Release|x86
		{769F4449-FD37-4FA5-A796-855506002C95}.Release|iPhoneSimulator.ActiveCfg = Release|x86
		{769F4449-FD37-4FA5-A796-855506002C95}.Release|x64.ActiveCfg = Release|x64
		{769F4449-FD37-4FA5-A796-855506002C95}.Release|x64.Build.0 = Release|x64
		{769F4449-FD37-4FA5-A796-855506002C95}.Release|x64.Deploy.0 = Release|x64
		{769F4449-FD37-4FA5-A796-855506002C95}.Release|x86.ActiveCfg = Release|x86
		{769F4449-FD37-4FA5-A796-855506002C95}.Release|x86.Build.0 = Release|x86
		{769F4449-FD37-4FA5-A796-855506002C95}.Release|x86.Deploy.0 = Release|x86
		{60F5374B-1C17-4B26-8083-F6089D2BCE70}.Ad-Hoc|Any CPU.ActiveCfg = Debug|Any CPU
		{60F5374B-1C17-4B26-8083-F6089D2BCE70}.Ad-Hoc|Any CPU.Build.0 = Debug|Any CPU
		{60F5374B-1C17-4B26-8083-F6089D2BCE70}.Ad-Hoc|ARM.ActiveCfg = Debug|Any CPU
		{60F5374B-1C17-4B26-8083-F6089D2BCE70}.Ad-Hoc|ARM.Build.0 = Debug|Any CPU
		{60F5374B-1C17-4B26-8083-F6089D2BCE70}.Ad-Hoc|iPhone.ActiveCfg = Debug|Any CPU
		{60F5374B-1C17-4B26-8083-F6089D2BCE70}.Ad-Hoc|iPhone.Build.0 = Debug|Any CPU
		{60F5374B-1C17-4B26-8083-F6089D2BCE70}.Ad-Hoc|iPhoneSimulator.ActiveCfg = Debug|Any CPU
		{60F5374B-1C17-4B26-8083-F6089D2BCE70}.Ad-Hoc|iPhoneSimulator.Build.0 = Debug|Any CPU
		{60F5374B-1C17-4B26-8083-F6089D2BCE70}.Ad-Hoc|x64.ActiveCfg = Debug|Any CPU
		{60F5374B-1C17-4B26-8083-F6089D2BCE70}.Ad-Hoc|x64.Build.0 = Debug|Any CPU
		{60F5374B-1C17-4B26-8083-F6089D2BCE70}.Ad-Hoc|x86.ActiveCfg = Debug|Any CPU
		{60F5374B-1C17-4B26-8083-F6089D2BCE70}.Ad-Hoc|x86.Build.0 = Debug|Any CPU
		{60F5374B-1C17-4B26-8083-F6089D2BCE70}.AppStore|Any CPU.ActiveCfg = Debug|Any CPU
		{60F5374B-1C17-4B26-8083-F6089D2BCE70}.AppStore|Any CPU.Build.0 = Debug|Any CPU
		{60F5374B-1C17-4B26-8083-F6089D2BCE70}.AppStore|ARM.ActiveCfg = Debug|Any CPU
		{60F5374B-1C17-4B26-8083-F6089D2BCE70}.AppStore|ARM.Build.0 = Debug|Any CPU
		{60F5374B-1C17-4B26-8083-F6089D2BCE70}.AppStore|iPhone.ActiveCfg = Debug|Any CPU
		{60F5374B-1C17-4B26-8083-F6089D2BCE70}.AppStore|iPhone.Build.0 = Debug|Any CPU
		{60F5374B-1C17-4B26-8083-F6089D2BCE70}.AppStore|iPhoneSimulator.ActiveCfg = Debug|Any CPU
		{60F5374B-1C17-4B26-8083-F6089D2BCE70}.AppStore|iPhoneSimulator.Build.0 = Debug|Any CPU
		{60F5374B-1C17-4B26-8083-F6089D2BCE70}.AppStore|x64.ActiveCfg = Debug|Any CPU
		{60F5374B-1C17-4B26-8083-F6089D2BCE70}.AppStore|x64.Build.0 = Debug|Any CPU
		{60F5374B-1C17-4B26-8083-F6089D2BCE70}.AppStore|x86.ActiveCfg = Debug|Any CPU
		{60F5374B-1C17-4B26-8083-F6089D2BCE70}.AppStore|x86.Build.0 = Debug|Any CPU
		{60F5374B-1C17-4B26-8083-F6089D2BCE70}.Debug|Any CPU.ActiveCfg = Debug|Any CPU
		{60F5374B-1C17-4B26-8083-F6089D2BCE70}.Debug|Any CPU.Build.0 = Debug|Any CPU
		{60F5374B-1C17-4B26-8083-F6089D2BCE70}.Debug|ARM.ActiveCfg = Debug|Any CPU
		{60F5374B-1C17-4B26-8083-F6089D2BCE70}.Debug|ARM.Build.0 = Debug|Any CPU
		{60F5374B-1C17-4B26-8083-F6089D2BCE70}.Debug|iPhone.ActiveCfg = Debug|Any CPU
		{60F5374B-1C17-4B26-8083-F6089D2BCE70}.Debug|iPhone.Build.0 = Debug|Any CPU
		{60F5374B-1C17-4B26-8083-F6089D2BCE70}.Debug|iPhoneSimulator.ActiveCfg = Debug|Any CPU
		{60F5374B-1C17-4B26-8083-F6089D2BCE70}.Debug|iPhoneSimulator.Build.0 = Debug|Any CPU
		{60F5374B-1C17-4B26-8083-F6089D2BCE70}.Debug|x64.ActiveCfg = Debug|Any CPU
		{60F5374B-1C17-4B26-8083-F6089D2BCE70}.Debug|x64.Build.0 = Debug|Any CPU
		{60F5374B-1C17-4B26-8083-F6089D2BCE70}.Debug|x86.ActiveCfg = Debug|Any CPU
		{60F5374B-1C17-4B26-8083-F6089D2BCE70}.Debug|x86.Build.0 = Debug|Any CPU
		{60F5374B-1C17-4B26-8083-F6089D2BCE70}.Release|Any CPU.ActiveCfg = Release|Any CPU
		{60F5374B-1C17-4B26-8083-F6089D2BCE70}.Release|Any CPU.Build.0 = Release|Any CPU
		{60F5374B-1C17-4B26-8083-F6089D2BCE70}.Release|ARM.ActiveCfg = Release|Any CPU
		{60F5374B-1C17-4B26-8083-F6089D2BCE70}.Release|ARM.Build.0 = Release|Any CPU
		{60F5374B-1C17-4B26-8083-F6089D2BCE70}.Release|iPhone.ActiveCfg = Release|Any CPU
		{60F5374B-1C17-4B26-8083-F6089D2BCE70}.Release|iPhone.Build.0 = Release|Any CPU
		{60F5374B-1C17-4B26-8083-F6089D2BCE70}.Release|iPhoneSimulator.ActiveCfg = Release|Any CPU
		{60F5374B-1C17-4B26-8083-F6089D2BCE70}.Release|iPhoneSimulator.Build.0 = Release|Any CPU
		{60F5374B-1C17-4B26-8083-F6089D2BCE70}.Release|x64.ActiveCfg = Release|Any CPU
		{60F5374B-1C17-4B26-8083-F6089D2BCE70}.Release|x64.Build.0 = Release|Any CPU
		{60F5374B-1C17-4B26-8083-F6089D2BCE70}.Release|x86.ActiveCfg = Release|Any CPU
		{60F5374B-1C17-4B26-8083-F6089D2BCE70}.Release|x86.Build.0 = Release|Any CPU
	EndGlobalSection
	GlobalSection(SolutionProperties) = preSolution
		HideSolutionNode = FALSE
	EndGlobalSection
	GlobalSection(ExtensibilityGlobals) = postSolution
		SolutionGuid = {311BE11C-D5E6-4128-BBCC-E40FDB68CFBF}
	EndGlobalSection
EndGlobal
